
Microsoft Visual Studio Solution File, Format Version 12.00
# Visual Studio Version 17
VisualStudioVersion = 17.1.32319.34
MinimumVisualStudioVersion = 10.0.40219.1
Project("{9A19103F-16F7-4668-BE54-9A1E7A4F7556}") = "SalonAppointmentApp", "SalonAppointmentApp\SalonAppointmentApp.csproj", "{3339952B-6072-402F-BE6B-1FDC940AF06A}"
EndProject
Project("{FAE04EC0-301F-11D3-BF4B-00C04F79EFBC}") = "SalonAppointmentApp.Android", "SalonAppointmentApp.Android\SalonAppointmentApp.Android.csproj", "{6FFBE72E-03C2-4F68-99B4-216C102FB219}"
EndProject
Project("{FAE04EC0-301F-11D3-BF4B-00C04F79EFBC}") = "SalonAppointmentApp.iOS", "SalonAppointmentApp.iOS\SalonAppointmentApp.iOS.csproj", "{5D9CDC7D-9755-4DDB-880D-C5F97E4895E5}"
EndProject
Project("{9A19103F-16F7-4668-BE54-9A1E7A4F7556}") = "Swibbl.Test", "SalonAppointmentApp.Test\Swibbl.Test.csproj", "{B397A340-7DB5-40F0-AB80-DE89CA4272E7}"
EndProject
Global
	GlobalSection(SolutionConfigurationPlatforms) = preSolution
		Debug|Any CPU = Debug|Any CPU
		Debug|iPhone = Debug|iPhone
		Debug|iPhoneSimulator = Debug|iPhoneSimulator
		Release|Any CPU = Release|Any CPU
		Release|iPhone = Release|iPhone
		Release|iPhoneSimulator = Release|iPhoneSimulator
	EndGlobalSection
	GlobalSection(ProjectConfigurationPlatforms) = postSolution
		{3339952B-6072-402F-BE6B-1FDC940AF06A}.Debug|Any CPU.ActiveCfg = Debug|Any CPU
		{3339952B-6072-402F-BE6B-1FDC940AF06A}.Debug|Any CPU.Build.0 = Debug|Any CPU
		{3339952B-6072-402F-BE6B-1FDC940AF06A}.Debug|iPhone.ActiveCfg = Debug|Any CPU
		{3339952B-6072-402F-BE6B-1FDC940AF06A}.Debug|iPhone.Build.0 = Debug|Any CPU
		{3339952B-6072-402F-BE6B-1FDC940AF06A}.Debug|iPhoneSimulator.ActiveCfg = Debug|Any CPU
		{3339952B-6072-402F-BE6B-1FDC940AF06A}.Debug|iPhoneSimulator.Build.0 = Debug|Any CPU
		{3339952B-6072-402F-BE6B-1FDC940AF06A}.Release|Any CPU.ActiveCfg = Release|Any CPU
		{3339952B-6072-402F-BE6B-1FDC940AF06A}.Release|Any CPU.Build.0 = Release|Any CPU
		{3339952B-6072-402F-BE6B-1FDC940AF06A}.Release|iPhone.ActiveCfg = Release|Any CPU
		{3339952B-6072-402F-BE6B-1FDC940AF06A}.Release|iPhone.Build.0 = Release|Any CPU
		{3339952B-6072-402F-BE6B-1FDC940AF06A}.Release|iPhoneSimulator.ActiveCfg = Release|Any CPU
		{3339952B-6072-402F-BE6B-1FDC940AF06A}.Release|iPhoneSimulator.Build.0 = Release|Any CPU
		{6FFBE72E-03C2-4F68-99B4-216C102FB219}.Debug|Any CPU.ActiveCfg = Debug|Any CPU
		{6FFBE72E-03C2-4F68-99B4-216C102FB219}.Debug|Any CPU.Build.0 = Debug|Any CPU
		{6FFBE72E-03C2-4F68-99B4-216C102FB219}.Debug|Any CPU.Deploy.0 = Debug|Any CPU
		{6FFBE72E-03C2-4F68-99B4-216C102FB219}.Debug|iPhone.ActiveCfg = Debug|Any CPU
		{6FFBE72E-03C2-4F68-99B4-216C102FB219}.Debug|iPhone.Build.0 = Debug|Any CPU
		{6FFBE72E-03C2-4F68-99B4-216C102FB219}.Debug|iPhone.Deploy.0 = Debug|Any CPU
		{6FFBE72E-03C2-4F68-99B4-216C102FB219}.Debug|iPhoneSimulator.ActiveCfg = Debug|Any CPU
		{6FFBE72E-03C2-4F68-99B4-216C102FB219}.Debug|iPhoneSimulator.Build.0 = Debug|Any CPU
		{6FFBE72E-03C2-4F68-99B4-216C102FB219}.Debug|iPhoneSimulator.Deploy.0 = Debug|Any CPU
		{6FFBE72E-03C2-4F68-99B4-216C102FB219}.Release|Any CPU.ActiveCfg = Release|Any CPU
		{6FFBE72E-03C2-4F68-99B4-216C102FB219}.Release|Any CPU.Build.0 = Release|Any CPU
		{6FFBE72E-03C2-4F68-99B4-216C102FB219}.Release|Any CPU.Deploy.0 = Release|Any CPU
		{6FFBE72E-03C2-4F68-99B4-216C102FB219}.Release|iPhone.ActiveCfg = Release|Any CPU
		{6FFBE72E-03C2-4F68-99B4-216C102FB219}.Release|iPhone.Build.0 = Release|Any CPU
		{6FFBE72E-03C2-4F68-99B4-216C102FB219}.Release|iPhone.Deploy.0 = Release|Any CPU
		{6FFBE72E-03C2-4F68-99B4-216C102FB219}.Release|iPhoneSimulator.ActiveCfg = Release|Any CPU
		{6FFBE72E-03C2-4F68-99B4-216C102FB219}.Release|iPhoneSimulator.Build.0 = Release|Any CPU
		{6FFBE72E-03C2-4F68-99B4-216C102FB219}.Release|iPhoneSimulator.Deploy.0 = Release|Any CPU
		{5D9CDC7D-9755-4DDB-880D-C5F97E4895E5}.Debug|Any CPU.ActiveCfg = Debug|iPhoneSimulator
		{5D9CDC7D-9755-4DDB-880D-C5F97E4895E5}.Debug|Any CPU.Build.0 = Debug|iPhoneSimulator
		{5D9CDC7D-9755-4DDB-880D-C5F97E4895E5}.Debug|iPhone.ActiveCfg = Debug|iPhone
		{5D9CDC7D-9755-4DDB-880D-C5F97E4895E5}.Debug|iPhone.Build.0 = Debug|iPhone
		{5D9CDC7D-9755-4DDB-880D-C5F97E4895E5}.Debug|iPhoneSimulator.ActiveCfg = Debug|iPhoneSimulator
		{5D9CDC7D-9755-4DDB-880D-C5F97E4895E5}.Debug|iPhoneSimulator.Build.0 = Debug|iPhoneSimulator
		{5D9CDC7D-9755-4DDB-880D-C5F97E4895E5}.Release|Any CPU.ActiveCfg = Release|iPhoneSimulator
		{5D9CDC7D-9755-4DDB-880D-C5F97E4895E5}.Release|Any CPU.Build.0 = Release|iPhoneSimulator
		{5D9CDC7D-9755-4DDB-880D-C5F97E4895E5}.Release|iPhone.ActiveCfg = Release|iPhone
		{5D9CDC7D-9755-4DDB-880D-C5F97E4895E5}.Release|iPhone.Build.0 = Release|iPhone
		{5D9CDC7D-9755-4DDB-880D-C5F97E4895E5}.Release|iPhoneSimulator.ActiveCfg = Release|iPhoneSimulator
		{5D9CDC7D-9755-4DDB-880D-C5F97E4895E5}.Release|iPhoneSimulator.Build.0 = Release|iPhoneSimulator
		{B397A340-7DB5-40F0-AB80-DE89CA4272E7}.Debug|Any CPU.ActiveCfg = Debug|Any CPU
		{B397A340-7DB5-40F0-AB80-DE89CA4272E7}.Debug|Any CPU.Build.0 = Debug|Any CPU
		{B397A340-7DB5-40F0-AB80-DE89CA4272E7}.Debug|iPhone.ActiveCfg = Debug|Any CPU
		{B397A340-7DB5-40F0-AB80-DE89CA4272E7}.Debug|iPhone.Build.0 = Debug|Any CPU
		{B397A340-7DB5-40F0-AB80-DE89CA4272E7}.Debug|iPhoneSimulator.ActiveCfg = Debug|Any CPU
		{B397A340-7DB5-40F0-AB80-DE89CA4272E7}.Debug|iPhoneSimulator.Build.0 = Debug|Any CPU
		{B397A340-7DB5-40F0-AB80-DE89CA4272E7}.Release|Any CPU.ActiveCfg = Release|Any CPU
		{B397A340-7DB5-40F0-AB80-DE89CA4272E7}.Release|Any CPU.Build.0 = Release|Any CPU
		{B397A340-7DB5-40F0-AB80-DE89CA4272E7}.Release|iPhone.ActiveCfg = Release|Any CPU
		{B397A340-7DB5-40F0-AB80-DE89CA4272E7}.Release|iPhone.Build.0 = Release|Any CPU
		{B397A340-7DB5-40F0-AB80-DE89CA4272E7}.Release|iPhoneSimulator.ActiveCfg = Release|Any CPU
		{B397A340-7DB5-40F0-AB80-DE89CA4272E7}.Release|iPhoneSimulator.Build.0 = Release|Any CPU
	EndGlobalSection
	GlobalSection(SolutionProperties) = preSolution
		HideSolutionNode = FALSE
	EndGlobalSection
	GlobalSection(ExtensibilityGlobals) = postSolution
		SolutionGuid = {46448622-3365-41D2-8818-088043E80409}
	EndGlobalSection
EndGlobal
